
Microsoft Visual Studio Solution File, Format Version 12.00
# Visual Studio Version 16
VisualStudioVersion = 16.0.32929.386
MinimumVisualStudioVersion = 10.0.40219.1
Project("{8BC9CEB8-8B4A-11D0-8D11-00A0C91BC942}") = "SecurityHelper", "SecurityHelper\SecurityHelper.vcxproj", "{DB78A727-DA9A-406B-BF20-36397C9ADACD}"
EndProject
Project("{8BC9CEB8-8B4A-11D0-8D11-00A0C91BC942}") = "wellknownsids", "wellknownsids\wellknownsids.vcxproj", "{40896631-033D-4429-9D87-5D67BA5B8EE5}"
EndProject
Project("{8BC9CEB8-8B4A-11D0-8D11-00A0C91BC942}") = "token", "token\token.vcxproj", "{3CE596E0-DD9E-4DEC-975D-87D5F7241327}"
EndProject
Project("{8BC9CEB8-8B4A-11D0-8D11-00A0C91BC942}") = "runas", "runas\runas.vcxproj", "{9694988C-BDBA-48C3-A759-F265DF158481}"
EndProject
Project("{8BC9CEB8-8B4A-11D0-8D11-00A0C91BC942}") = "elevate", "elevate\elevate.vcxproj", "{E9FE6189-E270-4EBF-8212-9BB6C5CCDDB9}"
EndProject
Project("{8BC9CEB8-8B4A-11D0-8D11-00A0C91BC942}") = "imp", "imp\imp.vcxproj", "{70891899-AAB9-4645-8F1C-349ACD40AAAA}"
EndProject
Global
	GlobalSection(SolutionConfigurationPlatforms) = preSolution
		Debug|x64 = Debug|x64
		Debug|x86 = Debug|x86
		Release|x64 = Release|x64
		Release|x86 = Release|x86
	EndGlobalSection
	GlobalSection(ProjectConfigurationPlatforms) = postSolution
		{DB78A727-DA9A-406B-BF20-36397C9ADACD}.Debug|x64.ActiveCfg = Debug|x64
		{DB78A727-DA9A-406B-BF20-36397C9ADACD}.Debug|x64.Build.0 = Debug|x64
		{DB78A727-DA9A-406B-BF20-36397C9ADACD}.Debug|x86.ActiveCfg = Debug|Win32
		{DB78A727-DA9A-406B-BF20-36397C9ADACD}.Debug|x86.Build.0 = Debug|Win32
		{DB78A727-DA9A-406B-BF20-36397C9ADACD}.Release|x64.ActiveCfg = Release|x64
		{DB78A727-DA9A-406B-BF20-36397C9ADACD}.Release|x64.Build.0 = Release|x64
		{DB78A727-DA9A-406B-BF20-36397C9ADACD}.Release|x86.ActiveCfg = Release|Win32
		{DB78A727-DA9A-406B-BF20-36397C9ADACD}.Release|x86.Build.0 = Release|Win32
		{40896631-033D-4429-9D87-5D67BA5B8EE5}.Debug|x64.ActiveCfg = Debug|x64
		{40896631-033D-4429-9D87-5D67BA5B8EE5}.Debug|x64.Build.0 = Debug|x64
		{40896631-033D-4429-9D87-5D67BA5B8EE5}.Debug|x86.ActiveCfg = Debug|Win32
		{40896631-033D-4429-9D87-5D67BA5B8EE5}.Debug|x86.Build.0 = Debug|Win32
		{40896631-033D-4429-9D87-5D67BA5B8EE5}.Release|x64.ActiveCfg = Release|x64
		{40896631-033D-4429-9D87-5D67BA5B8EE5}.Release|x64.Build.0 = Release|x64
		{40896631-033D-4429-9D87-5D67BA5B8EE5}.Release|x86.ActiveCfg = Release|Win32
		{40896631-033D-4429-9D87-5D67BA5B8EE5}.Release|x86.Build.0 = Release|Win32
		{3CE596E0-DD9E-4DEC-975D-87D5F7241327}.Debug|x64.ActiveCfg = Debug|x64
		{3CE596E0-DD9E-4DEC-975D-87D5F7241327}.Debug|x64.Build.0 = Debug|x64
		{3CE596E0-DD9E-4DEC-975D-87D5F7241327}.Debug|x86.ActiveCfg = Debug|Win32
		{3CE596E0-DD9E-4DEC-975D-87D5F7241327}.Debug|x86.Build.0 = Debug|Win32
		{3CE596E0-DD9E-4DEC-975D-87D5F7241327}.Release|x64.ActiveCfg = Release|x64
		{3CE596E0-DD9E-4DEC-975D-87D5F7241327}.Release|x64.Build.0 = Release|x64
		{3CE596E0-DD9E-4DEC-975D-87D5F7241327}.Release|x86.ActiveCfg = Release|Win32
		{3CE596E0-DD9E-4DEC-975D-87D5F7241327}.Release|x86.Build.0 = Release|Win32
		{9694988C-BDBA-48C3-A759-F265DF158481}.Debug|x64.ActiveCfg = Debug|x64
		{9694988C-BDBA-48C3-A759-F265DF158481}.Debug|x64.Build.0 = Debug|x64
		{9694988C-BDBA-48C3-A759-F265DF158481}.Debug|x86.ActiveCfg = Debug|Win32
		{9694988C-BDBA-48C3-A759-F265DF158481}.Debug|x86.Build.0 = Debug|Win32
		{9694988C-BDBA-48C3-A759-F265DF158481}.Release|x64.ActiveCfg = Release|x64
		{9694988C-BDBA-48C3-A759-F265DF158481}.Release|x64.Build.0 = Release|x64
		{9694988C-BDBA-48C3-A759-F265DF158481}.Release|x86.ActiveCfg = Release|Win32
		{9694988C-BDBA-48C3-A759-F265DF158481}.Release|x86.Build.0 = Release|Win32
		{E9FE6189-E270-4EBF-8212-9BB6C5CCDDB9}.Debug|x64.ActiveCfg = Debug|x64
		{E9FE6189-E270-4EBF-8212-9BB6C5CCDDB9}.Debug|x64.Build.0 = Debug|x64
		{E9FE6189-E270-4EBF-8212-9BB6C5CCDDB9}.Debug|x86.ActiveCfg = Debug|Win32
		{E9FE6189-E270-4EBF-8212-9BB6C5CCDDB9}.Debug|x86.Build.0 = Debug|Win32
		{E9FE6189-E270-4EBF-8212-9BB6C5CCDDB9}.Release|x64.ActiveCfg = Release|x64
		{E9FE6189-E270-4EBF-8212-9BB6C5CCDDB9}.Release|x64.Build.0 = Release|x64
		{E9FE6189-E270-4EBF-8212-9BB6C5CCDDB9}.Release|x86.ActiveCfg = Release|Win32
		{E9FE6189-E270-4EBF-8212-9BB6C5CCDDB9}.Release|x86.Build.0 = Release|Win32
		{70891899-AAB9-4645-8F1C-349ACD40AAAA}.Debug|x64.ActiveCfg = Debug|x64
		{70891899-AAB9-4645-8F1C-349ACD40AAAA}.Debug|x64.Build.0 = Debug|x64
		{70891899-AAB9-4645-8F1C-349ACD40AAAA}.Debug|x86.ActiveCfg = Debug|Win32
		{70891899-AAB9-4645-8F1C-349ACD40AAAA}.Debug|x86.Build.0 = Debug|Win32
		{70891899-AAB9-4645-8F1C-349ACD40AAAA}.Release|x64.ActiveCfg = Release|x64
		{70891899-AAB9-4645-8F1C-349ACD40AAAA}.Release|x64.Build.0 = Release|x64
		{70891899-AAB9-4645-8F1C-349ACD40AAAA}.Release|x86.ActiveCfg = Release|Win32
		{70891899-AAB9-4645-8F1C-349ACD40AAAA}.Release|x86.Build.0 = Release|Win32
	EndGlobalSection
	GlobalSection(SolutionProperties) = preSolution
		HideSolutionNode = FALSE
	EndGlobalSection
	GlobalSection(ExtensibilityGlobals) = postSolution
		SolutionGuid = {DE99D7B4-D437-41F7-976A-EB8CC20B067B}
	EndGlobalSection
EndGlobal
